
Microsoft Visual Studio Solution File, Format Version 12.00
# Visual Studio Version 16
VisualStudioVersion = 16.0.29728.190
MinimumVisualStudioVersion = 10.0.40219.1
Project("{FAE04EC0-301F-11D3-BF4B-00C04F79EFBC}") = "WPFMediaPlayer", "WPFMediaPlayer\WPFMediaPlayer.csproj", "{F19498B4-3C29-415A-8204-B99701465892}"
EndProject
Global
	GlobalSection(SolutionConfigurationPlatforms) = preSolution
		Debug|Any CPU = Debug|Any CPU
		Release|Any CPU = Release|Any CPU
	EndGlobalSection
	GlobalSection(ProjectConfigurationPlatforms) = postSolution
		{F19498B4-3C29-415A-8204-B99701465892}.Debug|Any CPU.ActiveCfg = Debug|Any CPU
		{F19498B4-3C29-415A-8204-B99701465892}.Debug|Any CPU.Build.0 = Debug|Any CPU
		{F19498B4-3C29-415A-8204-B99701465892}.Release|Any CPU.ActiveCfg = Release|Any CPU
		{F19498B4-3C29-415A-8204-B99701465892}.Release|Any CPU.Build.0 = Release|Any CPU
	EndGlobalSection
	GlobalSection(SolutionProperties) = preSolution
		HideSolutionNode = FALSE
	EndGlobalSection
	GlobalSection(ExtensibilityGlobals) = postSolution
		SolutionGuid = {C00A34F6-B0EF-4B95-B56D-05EBEB0E232E}
	EndGlobalSection
EndGlobal
